
Microsoft Visual Studio Solution File, Format Version 12.00
# Visual Studio Version 17
VisualStudioVersion = 17.8.34511.84
MinimumVisualStudioVersion = 10.0.40219.1
Project("{FAE04EC0-301F-11D3-BF4B-00C04F79EFBC}") = "Pizzeria", "Pizzeria\Pizzeria.csproj", "{522C2E47-E57C-4C1A-8D61-4790D5054018}"
EndProject
Global
	GlobalSection(SolutionConfigurationPlatforms) = preSolution
		Debug|Any CPU = Debug|Any CPU
		Release|Any CPU = Release|Any CPU
	EndGlobalSection
	GlobalSection(ProjectConfigurationPlatforms) = postSolution
		{522C2E47-E57C-4C1A-8D61-4790D5054018}.Debug|Any CPU.ActiveCfg = Debug|Any CPU
		{522C2E47-E57C-4C1A-8D61-4790D5054018}.Debug|Any CPU.Build.0 = Debug|Any CPU
		{522C2E47-E57C-4C1A-8D61-4790D5054018}.Release|Any CPU.ActiveCfg = Release|Any CPU
		{522C2E47-E57C-4C1A-8D61-4790D5054018}.Release|Any CPU.Build.0 = Release|Any CPU
	EndGlobalSection
	GlobalSection(SolutionProperties) = preSolution
		HideSolutionNode = FALSE
	EndGlobalSection
	GlobalSection(ExtensibilityGlobals) = postSolution
		SolutionGuid = {ABBA24A6-5554-4671-9D29-D33BA50F83AC}
	EndGlobalSection
EndGlobal
